
Microsoft Visual Studio Solution File, Format Version 12.00
# Visual Studio 2012
Project("{FAE04EC0-301F-11D3-BF4B-00C04F79EFBC}") = "XamMVVM", "XamMVVM\XamMVVM.csproj", "{D390D9DD-4AF6-41F2-8109-D305CC40206E}"
EndProject
Project("{FAE04EC0-301F-11D3-BF4B-00C04F79EFBC}") = "XamMVVM.iOS", "iOS\XamMVVM.iOS.csproj", "{581B17EE-B5A7-4CE6-9DBF-BAD12F4578A8}"
EndProject
Project("{FAE04EC0-301F-11D3-BF4B-00C04F79EFBC}") = "XamMVVM.Droid", "Droid\XamMVVM.Droid.csproj", "{A0462D16-8BC6-46FB-82FA-5228F4DD57A6}"
EndProject
Global
	GlobalSection(SolutionConfigurationPlatforms) = preSolution
		Debug|Any CPU = Debug|Any CPU
		Release|Any CPU = Release|Any CPU
		Debug|iPhoneSimulator = Debug|iPhoneSimulator
		Release|iPhone = Release|iPhone
		Release|iPhoneSimulator = Release|iPhoneSimulator
		Debug|iPhone = Debug|iPhone
	EndGlobalSection
	GlobalSection(ProjectConfigurationPlatforms) = postSolution
		{D390D9DD-4AF6-41F2-8109-D305CC40206E}.Debug|Any CPU.ActiveCfg = Debug|Any CPU
		{D390D9DD-4AF6-41F2-8109-D305CC40206E}.Debug|Any CPU.Build.0 = Debug|Any CPU
		{D390D9DD-4AF6-41F2-8109-D305CC40206E}.Release|Any CPU.ActiveCfg = Release|Any CPU
		{D390D9DD-4AF6-41F2-8109-D305CC40206E}.Release|Any CPU.Build.0 = Release|Any CPU
		{D390D9DD-4AF6-41F2-8109-D305CC40206E}.Debug|iPhoneSimulator.ActiveCfg = Debug|Any CPU
		{D390D9DD-4AF6-41F2-8109-D305CC40206E}.Debug|iPhoneSimulator.Build.0 = Debug|Any CPU
		{D390D9DD-4AF6-41F2-8109-D305CC40206E}.Release|iPhone.ActiveCfg = Release|Any CPU
		{D390D9DD-4AF6-41F2-8109-D305CC40206E}.Release|iPhone.Build.0 = Release|Any CPU
		{D390D9DD-4AF6-41F2-8109-D305CC40206E}.Release|iPhoneSimulator.ActiveCfg = Release|Any CPU
		{D390D9DD-4AF6-41F2-8109-D305CC40206E}.Release|iPhoneSimulator.Build.0 = Release|Any CPU
		{D390D9DD-4AF6-41F2-8109-D305CC40206E}.Debug|iPhone.ActiveCfg = Debug|Any CPU
		{D390D9DD-4AF6-41F2-8109-D305CC40206E}.Debug|iPhone.Build.0 = Debug|Any CPU
		{581B17EE-B5A7-4CE6-9DBF-BAD12F4578A8}.Debug|Any CPU.ActiveCfg = Debug|iPhoneSimulator
		{581B17EE-B5A7-4CE6-9DBF-BAD12F4578A8}.Debug|Any CPU.Build.0 = Debug|iPhoneSimulator
		{581B17EE-B5A7-4CE6-9DBF-BAD12F4578A8}.Release|Any CPU.ActiveCfg = Release|iPhone
		{581B17EE-B5A7-4CE6-9DBF-BAD12F4578A8}.Release|Any CPU.Build.0 = Release|iPhone
		{581B17EE-B5A7-4CE6-9DBF-BAD12F4578A8}.Debug|iPhoneSimulator.ActiveCfg = Debug|iPhoneSimulator
		{581B17EE-B5A7-4CE6-9DBF-BAD12F4578A8}.Debug|iPhoneSimulator.Build.0 = Debug|iPhoneSimulator
		{581B17EE-B5A7-4CE6-9DBF-BAD12F4578A8}.Release|iPhone.ActiveCfg = Release|iPhone
		{581B17EE-B5A7-4CE6-9DBF-BAD12F4578A8}.Release|iPhone.Build.0 = Release|iPhone
		{581B17EE-B5A7-4CE6-9DBF-BAD12F4578A8}.Release|iPhoneSimulator.ActiveCfg = Release|iPhoneSimulator
		{581B17EE-B5A7-4CE6-9DBF-BAD12F4578A8}.Release|iPhoneSimulator.Build.0 = Release|iPhoneSimulator
		{581B17EE-B5A7-4CE6-9DBF-BAD12F4578A8}.Debug|iPhone.ActiveCfg = Debug|iPhone
		{581B17EE-B5A7-4CE6-9DBF-BAD12F4578A8}.Debug|iPhone.Build.0 = Debug|iPhone
		{A0462D16-8BC6-46FB-82FA-5228F4DD57A6}.Debug|Any CPU.ActiveCfg = Debug|Any CPU
		{A0462D16-8BC6-46FB-82FA-5228F4DD57A6}.Debug|Any CPU.Build.0 = Debug|Any CPU
		{A0462D16-8BC6-46FB-82FA-5228F4DD57A6}.Release|Any CPU.ActiveCfg = Release|Any CPU
		{A0462D16-8BC6-46FB-82FA-5228F4DD57A6}.Release|Any CPU.Build.0 = Release|Any CPU
		{A0462D16-8BC6-46FB-82FA-5228F4DD57A6}.Debug|iPhoneSimulator.ActiveCfg = Debug|Any CPU
		{A0462D16-8BC6-46FB-82FA-5228F4DD57A6}.Debug|iPhoneSimulator.Build.0 = Debug|Any CPU
		{A0462D16-8BC6-46FB-82FA-5228F4DD57A6}.Release|iPhone.ActiveCfg = Release|Any CPU
		{A0462D16-8BC6-46FB-82FA-5228F4DD57A6}.Release|iPhone.Build.0 = Release|Any CPU
		{A0462D16-8BC6-46FB-82FA-5228F4DD57A6}.Release|iPhoneSimulator.ActiveCfg = Release|Any CPU
		{A0462D16-8BC6-46FB-82FA-5228F4DD57A6}.Release|iPhoneSimulator.Build.0 = Release|Any CPU
		{A0462D16-8BC6-46FB-82FA-5228F4DD57A6}.Debug|iPhone.ActiveCfg = Debug|Any CPU
		{A0462D16-8BC6-46FB-82FA-5228F4DD57A6}.Debug|iPhone.Build.0 = Debug|Any CPU
	EndGlobalSection
EndGlobal
